
Microsoft Visual Studio Solution File, Format Version 12.00
# Visual Studio Version 16
VisualStudioVersion = 16.0.31321.278
MinimumVisualStudioVersion = 10.0.40219.1
Project("{FAE04EC0-301F-11D3-BF4B-00C04F79EFBC}") = "PublishApp", "PublishApp\PublishApp.csproj", "{ADCF4B8C-5315-4D50-A005-1CA47701F247}"
EndProject
Global
	GlobalSection(SolutionConfigurationPlatforms) = preSolution
		Debug|Any CPU = Debug|Any CPU
		Release|Any CPU = Release|Any CPU
	EndGlobalSection
	GlobalSection(ProjectConfigurationPlatforms) = postSolution
		{ADCF4B8C-5315-4D50-A005-1CA47701F247}.Debug|Any CPU.ActiveCfg = Debug|Any CPU
		{ADCF4B8C-5315-4D50-A005-1CA47701F247}.Debug|Any CPU.Build.0 = Debug|Any CPU
		{ADCF4B8C-5315-4D50-A005-1CA47701F247}.Release|Any CPU.ActiveCfg = Release|Any CPU
		{ADCF4B8C-5315-4D50-A005-1CA47701F247}.Release|Any CPU.Build.0 = Release|Any CPU
	EndGlobalSection
	GlobalSection(SolutionProperties) = preSolution
		HideSolutionNode = FALSE
	EndGlobalSection
	GlobalSection(ExtensibilityGlobals) = postSolution
		SolutionGuid = {32FC00A9-088D-4BBC-8F00-DF517A81B6A5}
	EndGlobalSection
EndGlobal
